// !$*UTF8*$!
{
	archiveVersion = 1;
	classes = {
	};
	objectVersion = 50;
	objects = {

/* Begin PBXBuildFile section */
		2297000123159B6700890B17 /* Main.storyboard in Resources */ = {isa = PBXBuildFile; fileRef = 2297FFFF23159B6700890B17 /* Main.storyboard */; };
		2297000423159B6700890B17 /* SpaceX.xcdatamodeld in Sources */ = {isa = PBXBuildFile; fileRef = 2297000223159B6700890B17 /* SpaceX.xcdatamodeld */; };
		2297000623159B6800890B17 /* Assets.xcassets in Resources */ = {isa = PBXBuildFile; fileRef = 2297000523159B6800890B17 /* Assets.xcassets */; };
		2297000923159B6800890B17 /* LaunchScreen.storyboard in Resources */ = {isa = PBXBuildFile; fileRef = 2297000723159B6800890B17 /* LaunchScreen.storyboard */; };
		2297001423159B6800890B17 /* SpaceXTests.swift in Sources */ = {isa = PBXBuildFile; fileRef = 2297001323159B6800890B17 /* SpaceXTests.swift */; };
		2297001F23159B6800890B17 /* SpaceXUITests.swift in Sources */ = {isa = PBXBuildFile; fileRef = 2297001E23159B6800890B17 /* SpaceXUITests.swift */; };
		2297002E2315B12800890B17 /* RocketTableViewCell.swift in Sources */ = {isa = PBXBuildFile; fileRef = 2297002D2315B12800890B17 /* RocketTableViewCell.swift */; };
		229700302315B38D00890B17 /* Rocket.swift in Sources */ = {isa = PBXBuildFile; fileRef = 2297002F2315B38D00890B17 /* Rocket.swift */; };
		229700322315B55B00890B17 /* Constants.swift in Sources */ = {isa = PBXBuildFile; fileRef = 229700312315B55B00890B17 /* Constants.swift */; };
		2297FFFA23159B6700890B17 /* AppDelegate.swift in Sources */ = {isa = PBXBuildFile; fileRef = 2297FFF923159B6700890B17 /* AppDelegate.swift */; };
		2297FFFC23159B6700890B17 /* SceneDelegate.swift in Sources */ = {isa = PBXBuildFile; fileRef = 2297FFFB23159B6700890B17 /* SceneDelegate.swift */; };
		2297FFFE23159B6700890B17 /* RocketViewController.swift in Sources */ = {isa = PBXBuildFile; fileRef = 2297FFFD23159B6700890B17 /* RocketViewController.swift */; };
/* End PBXBuildFile section */

/* Begin PBXContainerItemProxy section */
		2297001023159B6800890B17 /* PBXContainerItemProxy */ = {
			isa = PBXContainerItemProxy;
			containerPortal = 2297FFEE23159B6700890B17 /* Project object */;
			proxyType = 1;
			remoteGlobalIDString = 2297FFF523159B6700890B17;
			remoteInfo = SpaceX;
		};
		2297001B23159B6800890B17 /* PBXContainerItemProxy */ = {
			isa = PBXContainerItemProxy;
			containerPortal = 2297FFEE23159B6700890B17 /* Project object */;
			proxyType = 1;
			remoteGlobalIDString = 2297FFF523159B6700890B17;
			remoteInfo = SpaceX;
		};
/* End PBXContainerItemProxy section */

/* Begin PBXFileReference section */
		2297000023159B6700890B17 /* Base */ = {isa = PBXFileReference; lastKnownFileType = file.storyboard; name = Base; path = Base.lproj/Main.storyboard; sourceTree = "<group>"; };
		2297000323159B6700890B17 /* SpaceX.xcdatamodel */ = {isa = PBXFileReference; lastKnownFileType = wrapper.xcdatamodel; path = SpaceX.xcdatamodel; sourceTree = "<group>"; };
		2297000523159B6800890B17 /* Assets.xcassets */ = {isa = PBXFileReference; lastKnownFileType = folder.assetcatalog; path = Assets.xcassets; sourceTree = "<group>"; };
		2297000823159B6800890B17 /* Base */ = {isa = PBXFileReference; lastKnownFileType = file.storyboard; name = Base; path = Base.lproj/LaunchScreen.storyboard; sourceTree = "<group>"; };
		2297000A23159B6800890B17 /* Info.plist */ = {isa = PBXFileReference; lastKnownFileType = text.plist.xml; path = Info.plist; sourceTree = "<group>"; };
		2297000F23159B6800890B17 /* SpaceXTests.xctest */ = {isa = PBXFileReference; explicitFileType = wrapper.cfbundle; includeInIndex = 0; path = SpaceXTests.xctest; sourceTree = BUILT_PRODUCTS_DIR; };
		2297001323159B6800890B17 /* SpaceXTests.swift */ = {isa = PBXFileReference; lastKnownFileType = sourcecode.swift; path = SpaceXTests.swift; sourceTree = "<group>"; };
		2297001523159B6800890B17 /* Info.plist */ = {isa = PBXFileReference; lastKnownFileType = text.plist.xml; path = Info.plist; sourceTree = "<group>"; };
		2297001A23159B6800890B17 /* SpaceXUITests.xctest */ = {isa = PBXFileReference; explicitFileType = wrapper.cfbundle; includeInIndex = 0; path = SpaceXUITests.xctest; sourceTree = BUILT_PRODUCTS_DIR; };
		2297001E23159B6800890B17 /* SpaceXUITests.swift */ = {isa = PBXFileReference; lastKnownFileType = sourcecode.swift; path = SpaceXUITests.swift; sourceTree = "<group>"; };
		2297002023159B6800890B17 /* Info.plist */ = {isa = PBXFileReference; lastKnownFileType = text.plist.xml; path = Info.plist; sourceTree = "<group>"; };
		2297002D2315B12800890B17 /* RocketTableViewCell.swift */ = {isa = PBXFileReference; lastKnownFileType = sourcecode.swift; path = RocketTableViewCell.swift; sourceTree = "<group>"; };
		2297002F2315B38D00890B17 /* Rocket.swift */ = {isa = PBXFileReference; lastKnownFileType = sourcecode.swift; path = Rocket.swift; sourceTree = "<group>"; };
		229700312315B55B00890B17 /* Constants.swift */ = {isa = PBXFileReference; lastKnownFileType = sourcecode.swift; path = Constants.swift; sourceTree = "<group>"; };
		2297FFF623159B6700890B17 /* SpaceX.app */ = {isa = PBXFileReference; explicitFileType = wrapper.application; includeInIndex = 0; path = SpaceX.app; sourceTree = BUILT_PRODUCTS_DIR; };
		2297FFF923159B6700890B17 /* AppDelegate.swift */ = {isa = PBXFileReference; lastKnownFileType = sourcecode.swift; path = AppDelegate.swift; sourceTree = "<group>"; };
		2297FFFB23159B6700890B17 /* SceneDelegate.swift */ = {isa = PBXFileReference; lastKnownFileType = sourcecode.swift; path = SceneDelegate.swift; sourceTree = "<group>"; };
		2297FFFD23159B6700890B17 /* RocketViewController.swift */ = {isa = PBXFileReference; lastKnownFileType = sourcecode.swift; path = RocketViewController.swift; sourceTree = "<group>"; };
/* End PBXFileReference section */

/* Begin PBXFrameworksBuildPhase section */
		2297000C23159B6800890B17 /* Frameworks */ = {
			isa = PBXFrameworksBuildPhase;
			buildActionMask = 2147483647;
			files = (
			);
			runOnlyForDeploymentPostprocessing = 0;
		};
		2297001723159B6800890B17 /* Frameworks */ = {
			isa = PBXFrameworksBuildPhase;
			buildActionMask = 2147483647;
			files = (
			);
			runOnlyForDeploymentPostprocessing = 0;
		};
		2297FFF323159B6700890B17 /* Frameworks */ = {
			isa = PBXFrameworksBuildPhase;
			buildActionMask = 2147483647;
			files = (
			);
			runOnlyForDeploymentPostprocessing = 0;
		};
/* End PBXFrameworksBuildPhase section */

/* Begin PBXGroup section */
		2297001223159B6800890B17 /* SpaceXTests */ = {
			isa = PBXGroup;
			children = (
				2297001323159B6800890B17 /* SpaceXTests.swift */,
				2297001523159B6800890B17 /* Info.plist */,
			);
			path = SpaceXTests;
			sourceTree = "<group>";
		};
		2297001D23159B6800890B17 /* SpaceXUITests */ = {
			isa = PBXGroup;
			children = (
				2297001E23159B6800890B17 /* SpaceXUITests.swift */,
				2297002023159B6800890B17 /* Info.plist */,
			);
			path = SpaceXUITests;
			sourceTree = "<group>";
		};
		2297002C23159B8D00890B17 /* Resources */ = {
			isa = PBXGroup;
			children = (
				2297FFFF23159B6700890B17 /* Main.storyboard */,
				2297000523159B6800890B17 /* Assets.xcassets */,
				2297000723159B6800890B17 /* LaunchScreen.storyboard */,
				2297000223159B6700890B17 /* SpaceX.xcdatamodeld */,
			);
			path = Resources;
			sourceTree = "<group>";
		};
		2297FFED23159B6700890B17 = {
			isa = PBXGroup;
			children = (
				2297FFF823159B6700890B17 /* SpaceX */,
				2297001223159B6800890B17 /* SpaceXTests */,
				2297001D23159B6800890B17 /* SpaceXUITests */,
				2297FFF723159B6700890B17 /* Products */,
			);
			sourceTree = "<group>";
		};
		2297FFF723159B6700890B17 /* Products */ = {
			isa = PBXGroup;
			children = (
				2297FFF623159B6700890B17 /* SpaceX.app */,
				2297000F23159B6800890B17 /* SpaceXTests.xctest */,
				2297001A23159B6800890B17 /* SpaceXUITests.xctest */,
			);
			name = Products;
			sourceTree = "<group>";
		};
		2297FFF823159B6700890B17 /* SpaceX */ = {
			isa = PBXGroup;
			children = (
				2297FFF923159B6700890B17 /* AppDelegate.swift */,
				2297FFFB23159B6700890B17 /* SceneDelegate.swift */,
				2297FFFD23159B6700890B17 /* RocketViewController.swift */,
				2297002F2315B38D00890B17 /* Rocket.swift */,
				2297002D2315B12800890B17 /* RocketTableViewCell.swift */,
				229700312315B55B00890B17 /* Constants.swift */,
				2297002C23159B8D00890B17 /* Resources */,
				2297000A23159B6800890B17 /* Info.plist */,
			);
			path = SpaceX;
			sourceTree = "<group>";
		};
/* End PBXGroup section */

/* Begin PBXNativeTarget section */
		2297000E23159B6800890B17 /* SpaceXTests */ = {
			isa = PBXNativeTarget;
			buildConfigurationList = 2297002623159B6800890B17 /* Build configuration list for PBXNativeTarget "SpaceXTests" */;
			buildPhases = (
				2297000B23159B6800890B17 /* Sources */,
				2297000C23159B6800890B17 /* Frameworks */,
				2297000D23159B6800890B17 /* Resources */,
			);
			buildRules = (
			);
			dependencies = (
				2297001123159B6800890B17 /* PBXTargetDependency */,
			);
			name = SpaceXTests;
			productName = SpaceXTests;
			productReference = 2297000F23159B6800890B17 /* SpaceXTests.xctest */;
			productType = "com.apple.product-type.bundle.unit-test";
		};
		2297001923159B6800890B17 /* SpaceXUITests */ = {
			isa = PBXNativeTarget;
			buildConfigurationList = 2297002923159B6800890B17 /* Build configuration list for PBXNativeTarget "SpaceXUITests" */;
			buildPhases = (
				2297001623159B6800890B17 /* Sources */,
				2297001723159B6800890B17 /* Frameworks */,
				2297001823159B6800890B17 /* Resources */,
			);
			buildRules = (
			);
			dependencies = (
				2297001C23159B6800890B17 /* PBXTargetDependency */,
			);
			name = SpaceXUITests;
			productName = SpaceXUITests;
			productReference = 2297001A23159B6800890B17 /* SpaceXUITests.xctest */;
			productType = "com.apple.product-type.bundle.ui-testing";
		};
		2297FFF523159B6700890B17 /* SpaceX */ = {
			isa = PBXNativeTarget;
			buildConfigurationList = 2297002323159B6800890B17 /* Build configuration list for PBXNativeTarget "SpaceX" */;
			buildPhases = (
				2297FFF223159B6700890B17 /* Sources */,
				2297FFF323159B6700890B17 /* Frameworks */,
				2297FFF423159B6700890B17 /* Resources */,
			);
			buildRules = (
			);
			dependencies = (
			);
			name = SpaceX;
			productName = SpaceX;
			productReference = 2297FFF623159B6700890B17 /* SpaceX.app */;
			productType = "com.apple.product-type.application";
		};
/* End PBXNativeTarget section */

/* Begin PBXProject section */
		2297FFEE23159B6700890B17 /* Project object */ = {
			isa = PBXProject;
			attributes = {
				LastSwiftUpdateCheck = 1100;
				LastUpgradeCheck = 1100;
				ORGANIZATIONNAME = "Victor Shinya";
				TargetAttributes = {
					2297000E23159B6800890B17 = {
						CreatedOnToolsVersion = 11.0;
						TestTargetID = 2297FFF523159B6700890B17;
					};
					2297001923159B6800890B17 = {
						CreatedOnToolsVersion = 11.0;
						TestTargetID = 2297FFF523159B6700890B17;
					};
					2297FFF523159B6700890B17 = {
						CreatedOnToolsVersion = 11.0;
					};
				};
			};
			buildConfigurationList = 2297FFF123159B6700890B17 /* Build configuration list for PBXProject "SpaceX" */;
			compatibilityVersion = "Xcode 9.3";
			developmentRegion = en;
			hasScannedForEncodings = 0;
			knownRegions = (
				en,
				Base,
			);
			mainGroup = 2297FFED23159B6700890B17;
			productRefGroup = 2297FFF723159B6700890B17 /* Products */;
			projectDirPath = "";
			projectRoot = "";
			targets = (
				2297FFF523159B6700890B17 /* SpaceX */,
				2297000E23159B6800890B17 /* SpaceXTests */,
				2297001923159B6800890B17 /* SpaceXUITests */,
			);
		};
/* End PBXProject section */

/* Begin PBXResourcesBuildPhase section */
		2297000D23159B6800890B17 /* Resources */ = {
			isa = PBXResourcesBuildPhase;
			buildActionMask = 2147483647;
			files = (
			);
			runOnlyForDeploymentPostprocessing = 0;
		};
		2297001823159B6800890B17 /* Resources */ = {
			isa = PBXResourcesBuildPhase;
			buildActionMask = 2147483647;
			files = (
			);
			runOnlyForDeploymentPostprocessing = 0;
		};
		2297FFF423159B6700890B17 /* Resources */ = {
			isa = PBXResourcesBuildPhase;
			buildActionMask = 2147483647;
			files = (
				2297000923159B6800890B17 /* LaunchScreen.storyboard in Resources */,
				2297000623159B6800890B17 /* Assets.xcassets in Resources */,
				2297000123159B6700890B17 /* Main.storyboard in Resources */,
			);
			runOnlyForDeploymentPostprocessing = 0;
		};
/* End PBXResourcesBuildPhase section */

/* Begin PBXSourcesBuildPhase section */
		2297000B23159B6800890B17 /* Sources */ = {
			isa = PBXSourcesBuildPhase;
			buildActionMask = 2147483647;
			files = (
				2297001423159B6800890B17 /* SpaceXTests.swift in Sources */,
			);
			runOnlyForDeploymentPostprocessing = 0;
		};
		2297001623159B6800890B17 /* Sources */ = {
			isa = PBXSourcesBuildPhase;
			buildActionMask = 2147483647;
			files = (
				2297001F23159B6800890B17 /* SpaceXUITests.swift in Sources */,
			);
			runOnlyForDeploymentPostprocessing = 0;
		};
		2297FFF223159B6700890B17 /* Sources */ = {
			isa = PBXSourcesBuildPhase;
			buildActionMask = 2147483647;
			files = (
				2297002E2315B12800890B17 /* RocketTableViewCell.swift in Sources */,
				2297FFFE23159B6700890B17 /* RocketViewController.swift in Sources */,
				2297FFFA23159B6700890B17 /* AppDelegate.swift in Sources */,
				229700302315B38D00890B17 /* Rocket.swift in Sources */,
				229700322315B55B00890B17 /* Constants.swift in Sources */,
				2297FFFC23159B6700890B17 /* SceneDelegate.swift in Sources */,
				2297000423159B6700890B17 /* SpaceX.xcdatamodeld in Sources */,
			);
			runOnlyForDeploymentPostprocessing = 0;
		};
/* End PBXSourcesBuildPhase section */

/* Begin PBXTargetDependency section */
		2297001123159B6800890B17 /* PBXTargetDependency */ = {
			isa = PBXTargetDependency;
			target = 2297FFF523159B6700890B17 /* SpaceX */;
			targetProxy = 2297001023159B6800890B17 /* PBXContainerItemProxy */;
		};
		2297001C23159B6800890B17 /* PBXTargetDependency */ = {
			isa = PBXTargetDependency;
			target = 2297FFF523159B6700890B17 /* SpaceX */;
			targetProxy = 2297001B23159B6800890B17 /* PBXContainerItemProxy */;
		};
/* End PBXTargetDependency section */

/* Begin PBXVariantGroup section */
		2297000723159B6800890B17 /* LaunchScreen.storyboard */ = {
			isa = PBXVariantGroup;
			children = (
				2297000823159B6800890B17 /* Base */,
			);
			name = LaunchScreen.storyboard;
			sourceTree = "<group>";
		};
		2297FFFF23159B6700890B17 /* Main.storyboard */ = {
			isa = PBXVariantGroup;
			children = (
				2297000023159B6700890B17 /* Base */,
			);
			name = Main.storyboard;
			sourceTree = "<group>";
		};
/* End PBXVariantGroup section */

/* Begin XCBuildConfiguration section */
		2297002123159B6800890B17 /* Debug */ = {
			isa = XCBuildConfiguration;
			buildSettings = {
				ALWAYS_SEARCH_USER_PATHS = NO;
				CLANG_ANALYZER_NONNULL = YES;
				CLANG_ANALYZER_NUMBER_OBJECT_CONVERSION = YES_AGGRESSIVE;
				CLANG_CXX_LANGUAGE_STANDARD = "gnu++14";
				CLANG_CXX_LIBRARY = "libc++";
				CLANG_ENABLE_MODULES = YES;
				CLANG_ENABLE_OBJC_ARC = YES;
				CLANG_ENABLE_OBJC_WEAK = YES;
				CLANG_WARN_BLOCK_CAPTURE_AUTORELEASING = YES;
				CLANG_WARN_BOOL_CONVERSION = YES;
				CLANG_WARN_COMMA = YES;
				CLANG_WARN_CONSTANT_CONVERSION = YES;
				CLANG_WARN_DEPRECATED_OBJC_IMPLEMENTATIONS = YES;
				CLANG_WARN_DIRECT_OBJC_ISA_USAGE = YES_ERROR;
				CLANG_WARN_DOCUMENTATION_COMMENTS = YES;
				CLANG_WARN_EMPTY_BODY = YES;
				CLANG_WARN_ENUM_CONVERSION = YES;
				CLANG_WARN_INFINITE_RECURSION = YES;
				CLANG_WARN_INT_CONVERSION = YES;
				CLANG_WARN_NON_LITERAL_NULL_CONVERSION = YES;
				CLANG_WARN_OBJC_IMPLICIT_RETAIN_SELF = YES;
				CLANG_WARN_OBJC_LITERAL_CONVERSION = YES;
				CLANG_WARN_OBJC_ROOT_CLASS = YES_ERROR;
				CLANG_WARN_RANGE_LOOP_ANALYSIS = YES;
				CLANG_WARN_STRICT_PROTOTYPES = YES;
				CLANG_WARN_SUSPICIOUS_MOVE = YES;
				CLANG_WARN_UNGUARDED_AVAILABILITY = YES_AGGRESSIVE;
				CLANG_WARN_UNREACHABLE_CODE = YES;
				CLANG_WARN__DUPLICATE_METHOD_MATCH = YES;
				COPY_PHASE_STRIP = NO;
				DEBUG_INFORMATION_FORMAT = dwarf;
				ENABLE_STRICT_OBJC_MSGSEND = YES;
				ENABLE_TESTABILITY = YES;
				GCC_C_LANGUAGE_STANDARD = gnu11;
				GCC_DYNAMIC_NO_PIC = NO;
				GCC_NO_COMMON_BLOCKS = YES;
				GCC_OPTIMIZATION_LEVEL = 0;
				GCC_PREPROCESSOR_DEFINITIONS = (
					"DEBUG=1",
					"$(inherited)",
				);
				GCC_WARN_64_TO_32_BIT_CONVERSION = YES;
				GCC_WARN_ABOUT_RETURN_TYPE = YES_ERROR;
				GCC_WARN_UNDECLARED_SELECTOR = YES;
				GCC_WARN_UNINITIALIZED_AUTOS = YES_AGGRESSIVE;
				GCC_WARN_UNUSED_FUNCTION = YES;
				GCC_WARN_UNUSED_VARIABLE = YES;
				IPHONEOS_DEPLOYMENT_TARGET = 13.0;
				MTL_ENABLE_DEBUG_INFO = INCLUDE_SOURCE;
				MTL_FAST_MATH = YES;
				ONLY_ACTIVE_ARCH = YES;
				SDKROOT = iphoneos;
				SWIFT_ACTIVE_COMPILATION_CONDITIONS = DEBUG;
				SWIFT_OPTIMIZATION_LEVEL = "-Onone";
			};
			name = Debug;
		};
		2297002223159B6800890B17 /* Release */ = {
			isa = XCBuildConfiguration;
			buildSettings = {
				ALWAYS_SEARCH_USER_PATHS = NO;
				CLANG_ANALYZER_NONNULL = YES;
				CLANG_ANALYZER_NUMBER_OBJECT_CONVERSION = YES_AGGRESSIVE;
				CLANG_CXX_LANGUAGE_STANDARD = "gnu++14";
				CLANG_CXX_LIBRARY = "libc++";
				CLANG_ENABLE_MODULES = YES;
				CLANG_ENABLE_OBJC_ARC = YES;
				CLANG_ENABLE_OBJC_WEAK = YES;
				CLANG_WARN_BLOCK_CAPTURE_AUTORELEASING = YES;
				CLANG_WARN_BOOL_CONVERSION = YES;
				CLANG_WARN_COMMA = YES;
				CLANG_WARN_CONSTANT_CONVERSION = YES;
				CLANG_WARN_DEPRECATED_OBJC_IMPLEMENTATIONS = YES;
				CLANG_WARN_DIRECT_OBJC_ISA_USAGE = YES_ERROR;
				CLANG_WARN_DOCUMENTATION_COMMENTS = YES;
				CLANG_WARN_EMPTY_BODY = YES;
				CLANG_WARN_ENUM_CONVERSION = YES;
				CLANG_WARN_INFINITE_RECURSION = YES;
				CLANG_WARN_INT_CONVERSION = YES;
				CLANG_WARN_NON_LITERAL_NULL_CONVERSION = YES;
				CLANG_WARN_OBJC_IMPLICIT_RETAIN_SELF = YES;
				CLANG_WARN_OBJC_LITERAL_CONVERSION = YES;
				CLANG_WARN_OBJC_ROOT_CLASS = YES_ERROR;
				CLANG_WARN_RANGE_LOOP_ANALYSIS = YES;
				CLANG_WARN_STRICT_PROTOTYPES = YES;
				CLANG_WARN_SUSPICIOUS_MOVE = YES;
				CLANG_WARN_UNGUARDED_AVAILABILITY = YES_AGGRESSIVE;
				CLANG_WARN_UNREACHABLE_CODE = YES;
				CLANG_WARN__DUPLICATE_METHOD_MATCH = YES;
				COPY_PHASE_STRIP = NO;
				DEBUG_INFORMATION_FORMAT = "dwarf-with-dsym";
				ENABLE_NS_ASSERTIONS = NO;
				ENABLE_STRICT_OBJC_MSGSEND = YES;
				GCC_C_LANGUAGE_STANDARD = gnu11;
				GCC_NO_COMMON_BLOCKS = YES;
				GCC_WARN_64_TO_32_BIT_CONVERSION = YES;
				GCC_WARN_ABOUT_RETURN_TYPE = YES_ERROR;
				GCC_WARN_UNDECLARED_SELECTOR = YES;
				GCC_WARN_UNINITIALIZED_AUTOS = YES_AGGRESSIVE;
				GCC_WARN_UNUSED_FUNCTION = YES;
				GCC_WARN_UNUSED_VARIABLE = YES;
				IPHONEOS_DEPLOYMENT_TARGET = 13.0;
				MTL_ENABLE_DEBUG_INFO = NO;
				MTL_FAST_MATH = YES;
				SDKROOT = iphoneos;
				SWIFT_COMPILATION_MODE = wholemodule;
				SWIFT_OPTIMIZATION_LEVEL = "-O";
				VALIDATE_PRODUCT = YES;
			};
			name = Release;
		};
		2297002423159B6800890B17 /* Debug */ = {
			isa = XCBuildConfiguration;
			buildSettings = {
				ASSETCATALOG_COMPILER_APPICON_NAME = AppIcon;
				CODE_SIGN_STYLE = Automatic;
				DEVELOPMENT_TEAM = MYQPGJAPC4;
				INFOPLIST_FILE = SpaceX/Info.plist;
				LD_RUNPATH_SEARCH_PATHS = (
					"$(inherited)",
					"@executable_path/Frameworks",
				);
				PRODUCT_BUNDLE_IDENTIFIER = br.com.victorshinya.SpaceX;
				PRODUCT_NAME = "$(TARGET_NAME)";
				SWIFT_VERSION = 5.0;
				TARGETED_DEVICE_FAMILY = "1,2";
			};
			name = Debug;
		};
		2297002523159B6800890B17 /* Release */ = {
			isa = XCBuildConfiguration;
			buildSettings = {
				ASSETCATALOG_COMPILER_APPICON_NAME = AppIcon;
				CODE_SIGN_STYLE = Automatic;
				DEVELOPMENT_TEAM = MYQPGJAPC4;
				INFOPLIST_FILE = SpaceX/Info.plist;
				LD_RUNPATH_SEARCH_PATHS = (
					"$(inherited)",
					"@executable_path/Frameworks",
				);
				PRODUCT_BUNDLE_IDENTIFIER = br.com.victorshinya.SpaceX;
				PRODUCT_NAME = "$(TARGET_NAME)";
				SWIFT_VERSION = 5.0;
				TARGETED_DEVICE_FAMILY = "1,2";
			};
			name = Release;
		};
		2297002723159B6800890B17 /* Debug */ = {
			isa = XCBuildConfiguration;
			buildSettings = {
				ALWAYS_EMBED_SWIFT_STANDARD_LIBRARIES = YES;
				BUNDLE_LOADER = "$(TEST_HOST)";
				CODE_SIGN_STYLE = Automatic;
				DEVELOPMENT_TEAM = MYQPGJAPC4;
				INFOPLIST_FILE = SpaceXTests/Info.plist;
				LD_RUNPATH_SEARCH_PATHS = (
					"$(inherited)",
					"@executable_path/Frameworks",
					"@loader_path/Frameworks",
				);
				PRODUCT_BUNDLE_IDENTIFIER = br.com.victorshinya.SpaceXTests;
				PRODUCT_NAME = "$(TARGET_NAME)";
				SWIFT_VERSION = 5.0;
				TARGETED_DEVICE_FAMILY = "1,2";
				TEST_HOST = "$(BUILT_PRODUCTS_DIR)/SpaceX.app/SpaceX";
			};
			name = Debug;
		};
		2297002823159B6800890B17 /* Release */ = {
			isa = XCBuildConfiguration;
			buildSettings = {
				ALWAYS_EMBED_SWIFT_STANDARD_LIBRARIES = YES;
				BUNDLE_LOADER = "$(TEST_HOST)";
				CODE_SIGN_STYLE = Automatic;
				DEVELOPMENT_TEAM = MYQPGJAPC4;
				INFOPLIST_FILE = SpaceXTests/Info.plist;
				LD_RUNPATH_SEARCH_PATHS = (
					"$(inherited)",
					"@executable_path/Frameworks",
					"@loader_path/Frameworks",
				);
				PRODUCT_BUNDLE_IDENTIFIER = br.com.victorshinya.SpaceXTests;
				PRODUCT_NAME = "$(TARGET_NAME)";
				SWIFT_VERSION = 5.0;
				TARGETED_DEVICE_FAMILY = "1,2";
				TEST_HOST = "$(BUILT_PRODUCTS_DIR)/SpaceX.app/SpaceX";
			};
			name = Release;
		};
		2297002A23159B6800890B17 /* Debug */ = {
			isa = XCBuildConfiguration;
			buildSettings = {
				ALWAYS_EMBED_SWIFT_STANDARD_LIBRARIES = YES;
				CODE_SIGN_STYLE = Automatic;
				DEVELOPMENT_TEAM = MYQPGJAPC4;
				INFOPLIST_FILE = SpaceXUITests/Info.plist;
				LD_RUNPATH_SEARCH_PATHS = (
					"$(inherited)",
					"@executable_path/Frameworks",
					"@loader_path/Frameworks",
				);
				PRODUCT_BUNDLE_IDENTIFIER = br.com.victorshinya.SpaceXUITests;
				PRODUCT_NAME = "$(TARGET_NAME)";
				SWIFT_VERSION = 5.0;
				TARGETED_DEVICE_FAMILY = "1,2";
				TEST_TARGET_NAME = SpaceX;
			};
			name = Debug;
		};
		2297002B23159B6800890B17 /* Release */ = {
			isa = XCBuildConfiguration;
			buildSettings = {
				ALWAYS_EMBED_SWIFT_STANDARD_LIBRARIES = YES;
				CODE_SIGN_STYLE = Automatic;
				DEVELOPMENT_TEAM = MYQPGJAPC4;
				INFOPLIST_FILE = SpaceXUITests/Info.plist;
				LD_RUNPATH_SEARCH_PATHS = (
					"$(inherited)",
					"@executable_path/Frameworks",
					"@loader_path/Frameworks",
				);
				PRODUCT_BUNDLE_IDENTIFIER = br.com.victorshinya.SpaceXUITests;
				PRODUCT_NAME = "$(TARGET_NAME)";
				SWIFT_VERSION = 5.0;
				TARGETED_DEVICE_FAMILY = "1,2";
				TEST_TARGET_NAME = SpaceX;
			};
			name = Release;
		};
/* End XCBuildConfiguration section */

/* Begin XCConfigurationList section */
		2297002323159B6800890B17 /* Build configuration list for PBXNativeTarget "SpaceX" */ = {
			isa = XCConfigurationList;
			buildConfigurations = (
				2297002423159B6800890B17 /* Debug */,
				2297002523159B6800890B17 /* Release */,
			);
			defaultConfigurationIsVisible = 0;
			defaultConfigurationName = Release;
		};
		2297002623159B6800890B17 /* Build configuration list for PBXNativeTarget "SpaceXTests" */ = {
			isa = XCConfigurationList;
			buildConfigurations = (
				2297002723159B6800890B17 /* Debug */,
				2297002823159B6800890B17 /* Release */,
			);
			defaultConfigurationIsVisible = 0;
			defaultConfigurationName = Release;
		};
		2297002923159B6800890B17 /* Build configuration list for PBXNativeTarget "SpaceXUITests" */ = {
			isa = XCConfigurationList;
			buildConfigurations = (
				2297002A23159B6800890B17 /* Debug */,
				2297002B23159B6800890B17 /* Release */,
			);
			defaultConfigurationIsVisible = 0;
			defaultConfigurationName = Release;
		};
		2297FFF123159B6700890B17 /* Build configuration list for PBXProject "SpaceX" */ = {
			isa = XCConfigurationList;
			buildConfigurations = (
				2297002123159B6800890B17 /* Debug */,
				2297002223159B6800890B17 /* Release */,
			);
			defaultConfigurationIsVisible = 0;
			defaultConfigurationName = Release;
		};
/* End XCConfigurationList section */

/* Begin XCVersionGroup section */
		2297000223159B6700890B17 /* SpaceX.xcdatamodeld */ = {
			isa = XCVersionGroup;
			children = (
				2297000323159B6700890B17 /* SpaceX.xcdatamodel */,
			);
			currentVersion = 2297000323159B6700890B17 /* SpaceX.xcdatamodel */;
			path = SpaceX.xcdatamodeld;
			sourceTree = "<group>";
			versionGroupType = wrapper.xcdatamodel;
		};
/* End XCVersionGroup section */
	};
	rootObject = 2297FFEE23159B6700890B17 /* Project object */;
}
